
Microsoft Visual Studio Solution File, Format Version 12.00
# Visual Studio Version 16
VisualStudioVersion = 16.0.29409.12
MinimumVisualStudioVersion = 10.0.40219.1
Project("{8BC9CEB8-8B4A-11D0-8D11-00A0C91BC942}") = "Microsoft.VisualStudio.BuildTools.source.repos", "..\Microsoft.VisualStudio.BuildTools.source.repos\Microsoft.VisualStudio.BuildTools.source.repos\Microsoft.VisualStudio.BuildTools.source.repos.vcxitems", "{22E33875-24A2-4E38-8F43-C4E4AEBC3031}"
EndProject
Global
	GlobalSection(SolutionProperties) = preSolution
		HideSolutionNode = FALSE
	EndGlobalSection
	GlobalSection(ExtensibilityGlobals) = postSolution
		SolutionGuid = {C1D5E4BA-004C-44EF-B5E7-04C5DD97077E}
	EndGlobalSection
EndGlobal
