
Microsoft Visual Studio Solution File, Format Version 12.00
# Visual Studio Version 16
VisualStudioVersion = 16.0.29411.108
MinimumVisualStudioVersion = 10.0.40219.1
Project("{FAE04EC0-301F-11D3-BF4B-00C04F79EFBC}") = "My Project ConsoleApp", "My Project ConsoleApp\My Project ConsoleApp.csproj", "{3098B9E4-B9E4-4265-9E7C-A543D6C10AD0}"
EndProject
Project("{FAE04EC0-301F-11D3-BF4B-00C04F79EFBC}") = "My Project BlazorApp", "My Project BlazorApp\My Project BlazorApp.csproj", "{015D3B35-3D11-42EB-B132-08C133BCD753}"
EndProject
Global
	GlobalSection(SolutionConfigurationPlatforms) = preSolution
		Debug|Any CPU = Debug|Any CPU
		Release|Any CPU = Release|Any CPU
	EndGlobalSection
	GlobalSection(ProjectConfigurationPlatforms) = postSolution
		{3098B9E4-B9E4-4265-9E7C-A543D6C10AD0}.Debug|Any CPU.ActiveCfg = Debug|Any CPU
		{3098B9E4-B9E4-4265-9E7C-A543D6C10AD0}.Debug|Any CPU.Build.0 = Debug|Any CPU
		{3098B9E4-B9E4-4265-9E7C-A543D6C10AD0}.Release|Any CPU.ActiveCfg = Release|Any CPU
		{3098B9E4-B9E4-4265-9E7C-A543D6C10AD0}.Release|Any CPU.Build.0 = Release|Any CPU
		{015D3B35-3D11-42EB-B132-08C133BCD753}.Debug|Any CPU.ActiveCfg = Debug|Any CPU
		{015D3B35-3D11-42EB-B132-08C133BCD753}.Debug|Any CPU.Build.0 = Debug|Any CPU
		{015D3B35-3D11-42EB-B132-08C133BCD753}.Release|Any CPU.ActiveCfg = Release|Any CPU
		{015D3B35-3D11-42EB-B132-08C133BCD753}.Release|Any CPU.Build.0 = Release|Any CPU
	EndGlobalSection
	GlobalSection(SolutionProperties) = preSolution
		HideSolutionNode = FALSE
	EndGlobalSection
	GlobalSection(ExtensibilityGlobals) = postSolution
		SolutionGuid = {32E6C905-ABB4-4D48-9C9B-ED295B8DD145}
	EndGlobalSection
EndGlobal
